
Microsoft Visual Studio Solution File, Format Version 12.00
# Visual Studio Version 17
VisualStudioVersion = 17.0.31612.314
MinimumVisualStudioVersion = 10.0.40219.1
Project("{FAE04EC0-301F-11D3-BF4B-00C04F79EFBC}") = "HttpHandlers", "HttpHandlers\HttpHandlers.csproj", "{FD0A3A75-3B07-4B17-B7A2-BC18F2071578}"
EndProject
Project("{FAE04EC0-301F-11D3-BF4B-00C04F79EFBC}") = "WindowsFormsApp", "WindowsFormsApp\WindowsFormsApp.csproj", "{038DA44C-7D46-41D3-B545-381C882A28E9}"
EndProject
Project("{FAE04EC0-301F-11D3-BF4B-00C04F79EFBC}") = "PD.Application", "PDApplication\PD.Application.csproj", "{A8B8F673-F542-46E1-B843-D98E04E739E7}"
EndProject
Project("{9A19103F-16F7-4668-BE54-9A1E7A4F7556}") = "PD.DataCore", "PD.DataCore\PD.DataCore.csproj", "{E5501BF9-C3A7-4AEF-90B8-ED779CA4E117}"
EndProject
Project("{9A19103F-16F7-4668-BE54-9A1E7A4F7556}") = "PD.DataJson", "PD.DataJson\PD.DataJson.csproj", "{7577992F-54E7-49A5-8050-FD51AF31CC28}"
EndProject
Project("{9A19103F-16F7-4668-BE54-9A1E7A4F7556}") = "PD.DataEF", "PD.DataEF\PD.DataEF.csproj", "{890E081F-1D6A-4198-9989-6DC43A75B1CB}"
EndProject
Project("{9A19103F-16F7-4668-BE54-9A1E7A4F7556}") = "PD.DataEFC", "PD.DataEFC\PD.DataEFC.csproj", "{27C4337C-2930-498A-A286-E41A84D92E54}"
EndProject
Project("{9A19103F-16F7-4668-BE54-9A1E7A4F7556}") = "PD.WebApiCore", "PD.WebApiCore\PD.WebApiCore.csproj", "{94226F3F-5AAE-4FC2-B3BE-7ED632FC478D}"
EndProject
Project("{FAE04EC0-301F-11D3-BF4B-00C04F79EFBC}") = "PD.MVCCore", "PD.MVCCore\PD.MVCCore.csproj", "{00010591-B72B-4652-A8B9-F8D572A27265}"
EndProject
Global
	GlobalSection(SolutionConfigurationPlatforms) = preSolution
		Debug|Any CPU = Debug|Any CPU
		Debug|ARM = Debug|ARM
		Debug|ARM64 = Debug|ARM64
		Debug|x64 = Debug|x64
		Debug|x86 = Debug|x86
		Release|Any CPU = Release|Any CPU
		Release|ARM = Release|ARM
		Release|ARM64 = Release|ARM64
		Release|x64 = Release|x64
		Release|x86 = Release|x86
	EndGlobalSection
	GlobalSection(ProjectConfigurationPlatforms) = postSolution
		{FD0A3A75-3B07-4B17-B7A2-BC18F2071578}.Debug|Any CPU.ActiveCfg = Debug|Any CPU
		{FD0A3A75-3B07-4B17-B7A2-BC18F2071578}.Debug|Any CPU.Build.0 = Debug|Any CPU
		{FD0A3A75-3B07-4B17-B7A2-BC18F2071578}.Debug|ARM.ActiveCfg = Debug|Any CPU
		{FD0A3A75-3B07-4B17-B7A2-BC18F2071578}.Debug|ARM.Build.0 = Debug|Any CPU
		{FD0A3A75-3B07-4B17-B7A2-BC18F2071578}.Debug|ARM64.ActiveCfg = Debug|Any CPU
		{FD0A3A75-3B07-4B17-B7A2-BC18F2071578}.Debug|ARM64.Build.0 = Debug|Any CPU
		{FD0A3A75-3B07-4B17-B7A2-BC18F2071578}.Debug|x64.ActiveCfg = Debug|Any CPU
		{FD0A3A75-3B07-4B17-B7A2-BC18F2071578}.Debug|x64.Build.0 = Debug|Any CPU
		{FD0A3A75-3B07-4B17-B7A2-BC18F2071578}.Debug|x86.ActiveCfg = Debug|Any CPU
		{FD0A3A75-3B07-4B17-B7A2-BC18F2071578}.Debug|x86.Build.0 = Debug|Any CPU
		{FD0A3A75-3B07-4B17-B7A2-BC18F2071578}.Release|Any CPU.ActiveCfg = Release|Any CPU
		{FD0A3A75-3B07-4B17-B7A2-BC18F2071578}.Release|Any CPU.Build.0 = Release|Any CPU
		{FD0A3A75-3B07-4B17-B7A2-BC18F2071578}.Release|ARM.ActiveCfg = Release|Any CPU
		{FD0A3A75-3B07-4B17-B7A2-BC18F2071578}.Release|ARM.Build.0 = Release|Any CPU
		{FD0A3A75-3B07-4B17-B7A2-BC18F2071578}.Release|ARM64.ActiveCfg = Release|Any CPU
		{FD0A3A75-3B07-4B17-B7A2-BC18F2071578}.Release|ARM64.Build.0 = Release|Any CPU
		{FD0A3A75-3B07-4B17-B7A2-BC18F2071578}.Release|x64.ActiveCfg = Release|Any CPU
		{FD0A3A75-3B07-4B17-B7A2-BC18F2071578}.Release|x64.Build.0 = Release|Any CPU
		{FD0A3A75-3B07-4B17-B7A2-BC18F2071578}.Release|x86.ActiveCfg = Release|Any CPU
		{FD0A3A75-3B07-4B17-B7A2-BC18F2071578}.Release|x86.Build.0 = Release|Any CPU
		{038DA44C-7D46-41D3-B545-381C882A28E9}.Debug|Any CPU.ActiveCfg = Debug|Any CPU
		{038DA44C-7D46-41D3-B545-381C882A28E9}.Debug|Any CPU.Build.0 = Debug|Any CPU
		{038DA44C-7D46-41D3-B545-381C882A28E9}.Debug|ARM.ActiveCfg = Debug|Any CPU
		{038DA44C-7D46-41D3-B545-381C882A28E9}.Debug|ARM.Build.0 = Debug|Any CPU
		{038DA44C-7D46-41D3-B545-381C882A28E9}.Debug|ARM64.ActiveCfg = Debug|Any CPU
		{038DA44C-7D46-41D3-B545-381C882A28E9}.Debug|ARM64.Build.0 = Debug|Any CPU
		{038DA44C-7D46-41D3-B545-381C882A28E9}.Debug|x64.ActiveCfg = Debug|Any CPU
		{038DA44C-7D46-41D3-B545-381C882A28E9}.Debug|x64.Build.0 = Debug|Any CPU
		{038DA44C-7D46-41D3-B545-381C882A28E9}.Debug|x86.ActiveCfg = Debug|Any CPU
		{038DA44C-7D46-41D3-B545-381C882A28E9}.Debug|x86.Build.0 = Debug|Any CPU
		{038DA44C-7D46-41D3-B545-381C882A28E9}.Release|Any CPU.ActiveCfg = Release|Any CPU
		{038DA44C-7D46-41D3-B545-381C882A28E9}.Release|Any CPU.Build.0 = Release|Any CPU
		{038DA44C-7D46-41D3-B545-381C882A28E9}.Release|ARM.ActiveCfg = Release|Any CPU
		{038DA44C-7D46-41D3-B545-381C882A28E9}.Release|ARM.Build.0 = Release|Any CPU
		{038DA44C-7D46-41D3-B545-381C882A28E9}.Release|ARM64.ActiveCfg = Release|Any CPU
		{038DA44C-7D46-41D3-B545-381C882A28E9}.Release|ARM64.Build.0 = Release|Any CPU
		{038DA44C-7D46-41D3-B545-381C882A28E9}.Release|x64.ActiveCfg = Release|Any CPU
		{038DA44C-7D46-41D3-B545-381C882A28E9}.Release|x64.Build.0 = Release|Any CPU
		{038DA44C-7D46-41D3-B545-381C882A28E9}.Release|x86.ActiveCfg = Release|Any CPU
		{038DA44C-7D46-41D3-B545-381C882A28E9}.Release|x86.Build.0 = Release|Any CPU
		{A8B8F673-F542-46E1-B843-D98E04E739E7}.Debug|Any CPU.ActiveCfg = Debug|Any CPU
		{A8B8F673-F542-46E1-B843-D98E04E739E7}.Debug|Any CPU.Build.0 = Debug|Any CPU
		{A8B8F673-F542-46E1-B843-D98E04E739E7}.Debug|ARM.ActiveCfg = Debug|Any CPU
		{A8B8F673-F542-46E1-B843-D98E04E739E7}.Debug|ARM.Build.0 = Debug|Any CPU
		{A8B8F673-F542-46E1-B843-D98E04E739E7}.Debug|ARM64.ActiveCfg = Debug|Any CPU
		{A8B8F673-F542-46E1-B843-D98E04E739E7}.Debug|ARM64.Build.0 = Debug|Any CPU
		{A8B8F673-F542-46E1-B843-D98E04E739E7}.Debug|x64.ActiveCfg = Debug|Any CPU
		{A8B8F673-F542-46E1-B843-D98E04E739E7}.Debug|x64.Build.0 = Debug|Any CPU
		{A8B8F673-F542-46E1-B843-D98E04E739E7}.Debug|x86.ActiveCfg = Debug|Any CPU
		{A8B8F673-F542-46E1-B843-D98E04E739E7}.Debug|x86.Build.0 = Debug|Any CPU
		{A8B8F673-F542-46E1-B843-D98E04E739E7}.Release|Any CPU.ActiveCfg = Release|Any CPU
		{A8B8F673-F542-46E1-B843-D98E04E739E7}.Release|Any CPU.Build.0 = Release|Any CPU
		{A8B8F673-F542-46E1-B843-D98E04E739E7}.Release|ARM.ActiveCfg = Release|Any CPU
		{A8B8F673-F542-46E1-B843-D98E04E739E7}.Release|ARM.Build.0 = Release|Any CPU
		{A8B8F673-F542-46E1-B843-D98E04E739E7}.Release|ARM64.ActiveCfg = Release|Any CPU
		{A8B8F673-F542-46E1-B843-D98E04E739E7}.Release|ARM64.Build.0 = Release|Any CPU
		{A8B8F673-F542-46E1-B843-D98E04E739E7}.Release|x64.ActiveCfg = Release|Any CPU
		{A8B8F673-F542-46E1-B843-D98E04E739E7}.Release|x64.Build.0 = Release|Any CPU
		{A8B8F673-F542-46E1-B843-D98E04E739E7}.Release|x86.ActiveCfg = Release|Any CPU
		{A8B8F673-F542-46E1-B843-D98E04E739E7}.Release|x86.Build.0 = Release|Any CPU
		{E5501BF9-C3A7-4AEF-90B8-ED779CA4E117}.Debug|Any CPU.ActiveCfg = Debug|Any CPU
		{E5501BF9-C3A7-4AEF-90B8-ED779CA4E117}.Debug|Any CPU.Build.0 = Debug|Any CPU
		{E5501BF9-C3A7-4AEF-90B8-ED779CA4E117}.Debug|ARM.ActiveCfg = Debug|Any CPU
		{E5501BF9-C3A7-4AEF-90B8-ED779CA4E117}.Debug|ARM.Build.0 = Debug|Any CPU
		{E5501BF9-C3A7-4AEF-90B8-ED779CA4E117}.Debug|ARM64.ActiveCfg = Debug|Any CPU
		{E5501BF9-C3A7-4AEF-90B8-ED779CA4E117}.Debug|ARM64.Build.0 = Debug|Any CPU
		{E5501BF9-C3A7-4AEF-90B8-ED779CA4E117}.Debug|x64.ActiveCfg = Debug|Any CPU
		{E5501BF9-C3A7-4AEF-90B8-ED779CA4E117}.Debug|x64.Build.0 = Debug|Any CPU
		{E5501BF9-C3A7-4AEF-90B8-ED779CA4E117}.Debug|x86.ActiveCfg = Debug|Any CPU
		{E5501BF9-C3A7-4AEF-90B8-ED779CA4E117}.Debug|x86.Build.0 = Debug|Any CPU
		{E5501BF9-C3A7-4AEF-90B8-ED779CA4E117}.Release|Any CPU.ActiveCfg = Release|Any CPU
		{E5501BF9-C3A7-4AEF-90B8-ED779CA4E117}.Release|Any CPU.Build.0 = Release|Any CPU
		{E5501BF9-C3A7-4AEF-90B8-ED779CA4E117}.Release|ARM.ActiveCfg = Release|Any CPU
		{E5501BF9-C3A7-4AEF-90B8-ED779CA4E117}.Release|ARM.Build.0 = Release|Any CPU
		{E5501BF9-C3A7-4AEF-90B8-ED779CA4E117}.Release|ARM64.ActiveCfg = Release|Any CPU
		{E5501BF9-C3A7-4AEF-90B8-ED779CA4E117}.Release|ARM64.Build.0 = Release|Any CPU
		{E5501BF9-C3A7-4AEF-90B8-ED779CA4E117}.Release|x64.ActiveCfg = Release|Any CPU
		{E5501BF9-C3A7-4AEF-90B8-ED779CA4E117}.Release|x64.Build.0 = Release|Any CPU
		{E5501BF9-C3A7-4AEF-90B8-ED779CA4E117}.Release|x86.ActiveCfg = Release|Any CPU
		{E5501BF9-C3A7-4AEF-90B8-ED779CA4E117}.Release|x86.Build.0 = Release|Any CPU
		{7577992F-54E7-49A5-8050-FD51AF31CC28}.Debug|Any CPU.ActiveCfg = Debug|Any CPU
		{7577992F-54E7-49A5-8050-FD51AF31CC28}.Debug|Any CPU.Build.0 = Debug|Any CPU
		{7577992F-54E7-49A5-8050-FD51AF31CC28}.Debug|ARM.ActiveCfg = Debug|Any CPU
		{7577992F-54E7-49A5-8050-FD51AF31CC28}.Debug|ARM.Build.0 = Debug|Any CPU
		{7577992F-54E7-49A5-8050-FD51AF31CC28}.Debug|ARM64.ActiveCfg = Debug|Any CPU
		{7577992F-54E7-49A5-8050-FD51AF31CC28}.Debug|ARM64.Build.0 = Debug|Any CPU
		{7577992F-54E7-49A5-8050-FD51AF31CC28}.Debug|x64.ActiveCfg = Debug|Any CPU
		{7577992F-54E7-49A5-8050-FD51AF31CC28}.Debug|x64.Build.0 = Debug|Any CPU
		{7577992F-54E7-49A5-8050-FD51AF31CC28}.Debug|x86.ActiveCfg = Debug|Any CPU
		{7577992F-54E7-49A5-8050-FD51AF31CC28}.Debug|x86.Build.0 = Debug|Any CPU
		{7577992F-54E7-49A5-8050-FD51AF31CC28}.Release|Any CPU.ActiveCfg = Release|Any CPU
		{7577992F-54E7-49A5-8050-FD51AF31CC28}.Release|Any CPU.Build.0 = Release|Any CPU
		{7577992F-54E7-49A5-8050-FD51AF31CC28}.Release|ARM.ActiveCfg = Release|Any CPU
		{7577992F-54E7-49A5-8050-FD51AF31CC28}.Release|ARM.Build.0 = Release|Any CPU
		{7577992F-54E7-49A5-8050-FD51AF31CC28}.Release|ARM64.ActiveCfg = Release|Any CPU
		{7577992F-54E7-49A5-8050-FD51AF31CC28}.Release|ARM64.Build.0 = Release|Any CPU
		{7577992F-54E7-49A5-8050-FD51AF31CC28}.Release|x64.ActiveCfg = Release|Any CPU
		{7577992F-54E7-49A5-8050-FD51AF31CC28}.Release|x64.Build.0 = Release|Any CPU
		{7577992F-54E7-49A5-8050-FD51AF31CC28}.Release|x86.ActiveCfg = Release|Any CPU
		{7577992F-54E7-49A5-8050-FD51AF31CC28}.Release|x86.Build.0 = Release|Any CPU
		{890E081F-1D6A-4198-9989-6DC43A75B1CB}.Debug|Any CPU.ActiveCfg = Debug|Any CPU
		{890E081F-1D6A-4198-9989-6DC43A75B1CB}.Debug|Any CPU.Build.0 = Debug|Any CPU
		{890E081F-1D6A-4198-9989-6DC43A75B1CB}.Debug|ARM.ActiveCfg = Debug|Any CPU
		{890E081F-1D6A-4198-9989-6DC43A75B1CB}.Debug|ARM.Build.0 = Debug|Any CPU
		{890E081F-1D6A-4198-9989-6DC43A75B1CB}.Debug|ARM64.ActiveCfg = Debug|Any CPU
		{890E081F-1D6A-4198-9989-6DC43A75B1CB}.Debug|ARM64.Build.0 = Debug|Any CPU
		{890E081F-1D6A-4198-9989-6DC43A75B1CB}.Debug|x64.ActiveCfg = Debug|Any CPU
		{890E081F-1D6A-4198-9989-6DC43A75B1CB}.Debug|x64.Build.0 = Debug|Any CPU
		{890E081F-1D6A-4198-9989-6DC43A75B1CB}.Debug|x86.ActiveCfg = Debug|Any CPU
		{890E081F-1D6A-4198-9989-6DC43A75B1CB}.Debug|x86.Build.0 = Debug|Any CPU
		{890E081F-1D6A-4198-9989-6DC43A75B1CB}.Release|Any CPU.ActiveCfg = Release|Any CPU
		{890E081F-1D6A-4198-9989-6DC43A75B1CB}.Release|Any CPU.Build.0 = Release|Any CPU
		{890E081F-1D6A-4198-9989-6DC43A75B1CB}.Release|ARM.ActiveCfg = Release|Any CPU
		{890E081F-1D6A-4198-9989-6DC43A75B1CB}.Release|ARM.Build.0 = Release|Any CPU
		{890E081F-1D6A-4198-9989-6DC43A75B1CB}.Release|ARM64.ActiveCfg = Release|Any CPU
		{890E081F-1D6A-4198-9989-6DC43A75B1CB}.Release|ARM64.Build.0 = Release|Any CPU
		{890E081F-1D6A-4198-9989-6DC43A75B1CB}.Release|x64.ActiveCfg = Release|Any CPU
		{890E081F-1D6A-4198-9989-6DC43A75B1CB}.Release|x64.Build.0 = Release|Any CPU
		{890E081F-1D6A-4198-9989-6DC43A75B1CB}.Release|x86.ActiveCfg = Release|Any CPU
		{890E081F-1D6A-4198-9989-6DC43A75B1CB}.Release|x86.Build.0 = Release|Any CPU
		{27C4337C-2930-498A-A286-E41A84D92E54}.Debug|Any CPU.ActiveCfg = Debug|Any CPU
		{27C4337C-2930-498A-A286-E41A84D92E54}.Debug|Any CPU.Build.0 = Debug|Any CPU
		{27C4337C-2930-498A-A286-E41A84D92E54}.Debug|ARM.ActiveCfg = Debug|Any CPU
		{27C4337C-2930-498A-A286-E41A84D92E54}.Debug|ARM.Build.0 = Debug|Any CPU
		{27C4337C-2930-498A-A286-E41A84D92E54}.Debug|ARM64.ActiveCfg = Debug|Any CPU
		{27C4337C-2930-498A-A286-E41A84D92E54}.Debug|ARM64.Build.0 = Debug|Any CPU
		{27C4337C-2930-498A-A286-E41A84D92E54}.Debug|x64.ActiveCfg = Debug|Any CPU
		{27C4337C-2930-498A-A286-E41A84D92E54}.Debug|x64.Build.0 = Debug|Any CPU
		{27C4337C-2930-498A-A286-E41A84D92E54}.Debug|x86.ActiveCfg = Debug|Any CPU
		{27C4337C-2930-498A-A286-E41A84D92E54}.Debug|x86.Build.0 = Debug|Any CPU
		{27C4337C-2930-498A-A286-E41A84D92E54}.Release|Any CPU.ActiveCfg = Release|Any CPU
		{27C4337C-2930-498A-A286-E41A84D92E54}.Release|Any CPU.Build.0 = Release|Any CPU
		{27C4337C-2930-498A-A286-E41A84D92E54}.Release|ARM.ActiveCfg = Release|Any CPU
		{27C4337C-2930-498A-A286-E41A84D92E54}.Release|ARM.Build.0 = Release|Any CPU
		{27C4337C-2930-498A-A286-E41A84D92E54}.Release|ARM64.ActiveCfg = Release|Any CPU
		{27C4337C-2930-498A-A286-E41A84D92E54}.Release|ARM64.Build.0 = Release|Any CPU
		{27C4337C-2930-498A-A286-E41A84D92E54}.Release|x64.ActiveCfg = Release|Any CPU
		{27C4337C-2930-498A-A286-E41A84D92E54}.Release|x64.Build.0 = Release|Any CPU
		{27C4337C-2930-498A-A286-E41A84D92E54}.Release|x86.ActiveCfg = Release|Any CPU
		{27C4337C-2930-498A-A286-E41A84D92E54}.Release|x86.Build.0 = Release|Any CPU
		{94226F3F-5AAE-4FC2-B3BE-7ED632FC478D}.Debug|Any CPU.ActiveCfg = Debug|Any CPU
		{94226F3F-5AAE-4FC2-B3BE-7ED632FC478D}.Debug|Any CPU.Build.0 = Debug|Any CPU
		{94226F3F-5AAE-4FC2-B3BE-7ED632FC478D}.Debug|ARM.ActiveCfg = Debug|Any CPU
		{94226F3F-5AAE-4FC2-B3BE-7ED632FC478D}.Debug|ARM.Build.0 = Debug|Any CPU
		{94226F3F-5AAE-4FC2-B3BE-7ED632FC478D}.Debug|ARM64.ActiveCfg = Debug|Any CPU
		{94226F3F-5AAE-4FC2-B3BE-7ED632FC478D}.Debug|ARM64.Build.0 = Debug|Any CPU
		{94226F3F-5AAE-4FC2-B3BE-7ED632FC478D}.Debug|x64.ActiveCfg = Debug|Any CPU
		{94226F3F-5AAE-4FC2-B3BE-7ED632FC478D}.Debug|x64.Build.0 = Debug|Any CPU
		{94226F3F-5AAE-4FC2-B3BE-7ED632FC478D}.Debug|x86.ActiveCfg = Debug|Any CPU
		{94226F3F-5AAE-4FC2-B3BE-7ED632FC478D}.Debug|x86.Build.0 = Debug|Any CPU
		{94226F3F-5AAE-4FC2-B3BE-7ED632FC478D}.Release|Any CPU.ActiveCfg = Release|Any CPU
		{94226F3F-5AAE-4FC2-B3BE-7ED632FC478D}.Release|Any CPU.Build.0 = Release|Any CPU
		{94226F3F-5AAE-4FC2-B3BE-7ED632FC478D}.Release|ARM.ActiveCfg = Release|Any CPU
		{94226F3F-5AAE-4FC2-B3BE-7ED632FC478D}.Release|ARM.Build.0 = Release|Any CPU
		{94226F3F-5AAE-4FC2-B3BE-7ED632FC478D}.Release|ARM64.ActiveCfg = Release|Any CPU
		{94226F3F-5AAE-4FC2-B3BE-7ED632FC478D}.Release|ARM64.Build.0 = Release|Any CPU
		{94226F3F-5AAE-4FC2-B3BE-7ED632FC478D}.Release|x64.ActiveCfg = Release|Any CPU
		{94226F3F-5AAE-4FC2-B3BE-7ED632FC478D}.Release|x64.Build.0 = Release|Any CPU
		{94226F3F-5AAE-4FC2-B3BE-7ED632FC478D}.Release|x86.ActiveCfg = Release|Any CPU
		{94226F3F-5AAE-4FC2-B3BE-7ED632FC478D}.Release|x86.Build.0 = Release|Any CPU
		{00010591-B72B-4652-A8B9-F8D572A27265}.Debug|Any CPU.ActiveCfg = Debug|Any CPU
		{00010591-B72B-4652-A8B9-F8D572A27265}.Debug|Any CPU.Build.0 = Debug|Any CPU
		{00010591-B72B-4652-A8B9-F8D572A27265}.Debug|ARM.ActiveCfg = Debug|Any CPU
		{00010591-B72B-4652-A8B9-F8D572A27265}.Debug|ARM.Build.0 = Debug|Any CPU
		{00010591-B72B-4652-A8B9-F8D572A27265}.Debug|ARM64.ActiveCfg = Debug|Any CPU
		{00010591-B72B-4652-A8B9-F8D572A27265}.Debug|ARM64.Build.0 = Debug|Any CPU
		{00010591-B72B-4652-A8B9-F8D572A27265}.Debug|x64.ActiveCfg = Debug|Any CPU
		{00010591-B72B-4652-A8B9-F8D572A27265}.Debug|x64.Build.0 = Debug|Any CPU
		{00010591-B72B-4652-A8B9-F8D572A27265}.Debug|x86.ActiveCfg = Debug|Any CPU
		{00010591-B72B-4652-A8B9-F8D572A27265}.Debug|x86.Build.0 = Debug|Any CPU
		{00010591-B72B-4652-A8B9-F8D572A27265}.Release|Any CPU.ActiveCfg = Release|Any CPU
		{00010591-B72B-4652-A8B9-F8D572A27265}.Release|Any CPU.Build.0 = Release|Any CPU
		{00010591-B72B-4652-A8B9-F8D572A27265}.Release|ARM.ActiveCfg = Release|Any CPU
		{00010591-B72B-4652-A8B9-F8D572A27265}.Release|ARM.Build.0 = Release|Any CPU
		{00010591-B72B-4652-A8B9-F8D572A27265}.Release|ARM64.ActiveCfg = Release|Any CPU
		{00010591-B72B-4652-A8B9-F8D572A27265}.Release|ARM64.Build.0 = Release|Any CPU
		{00010591-B72B-4652-A8B9-F8D572A27265}.Release|x64.ActiveCfg = Release|Any CPU
		{00010591-B72B-4652-A8B9-F8D572A27265}.Release|x64.Build.0 = Release|Any CPU
		{00010591-B72B-4652-A8B9-F8D572A27265}.Release|x86.ActiveCfg = Release|Any CPU
		{00010591-B72B-4652-A8B9-F8D572A27265}.Release|x86.Build.0 = Release|Any CPU
	EndGlobalSection
	GlobalSection(SolutionProperties) = preSolution
		HideSolutionNode = FALSE
	EndGlobalSection
	GlobalSection(ExtensibilityGlobals) = postSolution
		SolutionGuid = {BACEB807-9796-440E-8714-826AB8ACABF5}
	EndGlobalSection
EndGlobal
